
Microsoft Visual Studio Solution File, Format Version 12.00
# Visual Studio Version 17
VisualStudioVersion = 17.14.36109.1 d17.14
MinimumVisualStudioVersion = 10.0.40219.1
Project("{FAE04EC0-301F-11D3-BF4B-00C04F79EFBC}") = "SCPLEconomy", "SCPLEconomy\SCPLEconomy.csproj", "{EFCD0A78-D3E0-438D-BE72-CBCC19D61382}"
EndProject
Global
	GlobalSection(SolutionConfigurationPlatforms) = preSolution
		Debug|Any CPU = Debug|Any CPU
		Release|Any CPU = Release|Any CPU
	EndGlobalSection
	GlobalSection(ProjectConfigurationPlatforms) = postSolution
		{EFCD0A78-D3E0-438D-BE72-CBCC19D61382}.Debug|Any CPU.ActiveCfg = Debug|Any CPU
		{EFCD0A78-D3E0-438D-BE72-CBCC19D61382}.Debug|Any CPU.Build.0 = Debug|Any CPU
		{EFCD0A78-D3E0-438D-BE72-CBCC19D61382}.Release|Any CPU.ActiveCfg = Release|Any CPU
		{EFCD0A78-D3E0-438D-BE72-CBCC19D61382}.Release|Any CPU.Build.0 = Release|Any CPU
	EndGlobalSection
	GlobalSection(SolutionProperties) = preSolution
		HideSolutionNode = FALSE
	EndGlobalSection
	GlobalSection(ExtensibilityGlobals) = postSolution
		SolutionGuid = {847AB2E1-19F5-4DF6-A998-9D8635595083}
	EndGlobalSection
EndGlobal
